
Microsoft Visual Studio Solution File, Format Version 12.00
# Visual Studio Version 17
VisualStudioVersion = 17.9.34607.119
MinimumVisualStudioVersion = 10.0.40219.1
Project("{9A19103F-16F7-4668-BE54-9A1E7A4F7556}") = "MComparerApp", "MComparerApp\MComparerApp.csproj", "{D17006A6-0687-41A4-BDF3-1ABB6F528B41}"
EndProject
Project("{FAE04EC0-301F-11D3-BF4B-00C04F79EFBC}") = "MComparerApp.Tests2", "MComparerApp.Tests2\MComparerApp.Tests2.csproj", "{D914C224-057B-4700-9265-5F2CAC152F82}"
EndProject
Global
	GlobalSection(SolutionConfigurationPlatforms) = preSolution
		Debug|Any CPU = Debug|Any CPU
		Release|Any CPU = Release|Any CPU
	EndGlobalSection
	GlobalSection(ProjectConfigurationPlatforms) = postSolution
		{D17006A6-0687-41A4-BDF3-1ABB6F528B41}.Debug|Any CPU.ActiveCfg = Debug|Any CPU
		{D17006A6-0687-41A4-BDF3-1ABB6F528B41}.Debug|Any CPU.Build.0 = Debug|Any CPU
		{D17006A6-0687-41A4-BDF3-1ABB6F528B41}.Release|Any CPU.ActiveCfg = Release|Any CPU
		{D17006A6-0687-41A4-BDF3-1ABB6F528B41}.Release|Any CPU.Build.0 = Release|Any CPU
		{D914C224-057B-4700-9265-5F2CAC152F82}.Debug|Any CPU.ActiveCfg = Debug|Any CPU
		{D914C224-057B-4700-9265-5F2CAC152F82}.Debug|Any CPU.Build.0 = Debug|Any CPU
		{D914C224-057B-4700-9265-5F2CAC152F82}.Release|Any CPU.ActiveCfg = Release|Any CPU
		{D914C224-057B-4700-9265-5F2CAC152F82}.Release|Any CPU.Build.0 = Release|Any CPU
	EndGlobalSection
	GlobalSection(SolutionProperties) = preSolution
		HideSolutionNode = FALSE
	EndGlobalSection
	GlobalSection(ExtensibilityGlobals) = postSolution
		SolutionGuid = {DE4811B7-B00C-4795-A94A-4CB54BDDE7CD}
	EndGlobalSection
EndGlobal
